
Microsoft Visual Studio Solution File, Format Version 12.00
# Visual Studio 15
VisualStudioVersion = 15.0.26124.0
MinimumVisualStudioVersion = 15.0.26124.0
Project("{2150E333-8FDC-42A3-9474-1A3956D46DE8}") = "00-Programa", "00-Programa", "{3B7E105F-19DD-4D24-8E67-524D9A843169}"
EndProject
Project("{FAE04EC0-301F-11D3-BF4B-00C04F79EFBC}") = "Simasoft.Challenges.SortFeliz.UI", "00-Programa\Simasoft.Challenges.SortFeliz.UI\Simasoft.Challenges.SortFeliz.UI.csproj", "{8F22D7DA-95E3-4B71-8D8A-86651CB4C2E1}"
EndProject
Project("{2150E333-8FDC-42A3-9474-1A3956D46DE8}") = "01-Testes", "01-Testes", "{0749F4EF-904F-4FA3-AD3F-399ED5D91F5A}"
EndProject
Project("{FAE04EC0-301F-11D3-BF4B-00C04F79EFBC}") = "Teste.Simasoft.Challenges.SortFeliz", "01-Testes\Teste.Simasoft.Challenges.SortFeliz\Teste.Simasoft.Challenges.SortFeliz.csproj", "{1F70E9EE-5E6E-45B7-B01C-54495FBE7D73}"
EndProject
Global
	GlobalSection(SolutionConfigurationPlatforms) = preSolution
		Debug|Any CPU = Debug|Any CPU
		Debug|x64 = Debug|x64
		Debug|x86 = Debug|x86
		Release|Any CPU = Release|Any CPU
		Release|x64 = Release|x64
		Release|x86 = Release|x86
	EndGlobalSection
	GlobalSection(SolutionProperties) = preSolution
		HideSolutionNode = FALSE
	EndGlobalSection
	GlobalSection(ProjectConfigurationPlatforms) = postSolution
		{8F22D7DA-95E3-4B71-8D8A-86651CB4C2E1}.Debug|Any CPU.ActiveCfg = Debug|Any CPU
		{8F22D7DA-95E3-4B71-8D8A-86651CB4C2E1}.Debug|Any CPU.Build.0 = Debug|Any CPU
		{8F22D7DA-95E3-4B71-8D8A-86651CB4C2E1}.Debug|x64.ActiveCfg = Debug|Any CPU
		{8F22D7DA-95E3-4B71-8D8A-86651CB4C2E1}.Debug|x64.Build.0 = Debug|Any CPU
		{8F22D7DA-95E3-4B71-8D8A-86651CB4C2E1}.Debug|x86.ActiveCfg = Debug|Any CPU
		{8F22D7DA-95E3-4B71-8D8A-86651CB4C2E1}.Debug|x86.Build.0 = Debug|Any CPU
		{8F22D7DA-95E3-4B71-8D8A-86651CB4C2E1}.Release|Any CPU.ActiveCfg = Release|Any CPU
		{8F22D7DA-95E3-4B71-8D8A-86651CB4C2E1}.Release|Any CPU.Build.0 = Release|Any CPU
		{8F22D7DA-95E3-4B71-8D8A-86651CB4C2E1}.Release|x64.ActiveCfg = Release|Any CPU
		{8F22D7DA-95E3-4B71-8D8A-86651CB4C2E1}.Release|x64.Build.0 = Release|Any CPU
		{8F22D7DA-95E3-4B71-8D8A-86651CB4C2E1}.Release|x86.ActiveCfg = Release|Any CPU
		{8F22D7DA-95E3-4B71-8D8A-86651CB4C2E1}.Release|x86.Build.0 = Release|Any CPU
		{1F70E9EE-5E6E-45B7-B01C-54495FBE7D73}.Debug|Any CPU.ActiveCfg = Debug|Any CPU
		{1F70E9EE-5E6E-45B7-B01C-54495FBE7D73}.Debug|Any CPU.Build.0 = Debug|Any CPU
		{1F70E9EE-5E6E-45B7-B01C-54495FBE7D73}.Debug|x64.ActiveCfg = Debug|Any CPU
		{1F70E9EE-5E6E-45B7-B01C-54495FBE7D73}.Debug|x64.Build.0 = Debug|Any CPU
		{1F70E9EE-5E6E-45B7-B01C-54495FBE7D73}.Debug|x86.ActiveCfg = Debug|Any CPU
		{1F70E9EE-5E6E-45B7-B01C-54495FBE7D73}.Debug|x86.Build.0 = Debug|Any CPU
		{1F70E9EE-5E6E-45B7-B01C-54495FBE7D73}.Release|Any CPU.ActiveCfg = Release|Any CPU
		{1F70E9EE-5E6E-45B7-B01C-54495FBE7D73}.Release|Any CPU.Build.0 = Release|Any CPU
		{1F70E9EE-5E6E-45B7-B01C-54495FBE7D73}.Release|x64.ActiveCfg = Release|Any CPU
		{1F70E9EE-5E6E-45B7-B01C-54495FBE7D73}.Release|x64.Build.0 = Release|Any CPU
		{1F70E9EE-5E6E-45B7-B01C-54495FBE7D73}.Release|x86.ActiveCfg = Release|Any CPU
		{1F70E9EE-5E6E-45B7-B01C-54495FBE7D73}.Release|x86.Build.0 = Release|Any CPU
	EndGlobalSection
	GlobalSection(NestedProjects) = preSolution
		{8F22D7DA-95E3-4B71-8D8A-86651CB4C2E1} = {3B7E105F-19DD-4D24-8E67-524D9A843169}
		{1F70E9EE-5E6E-45B7-B01C-54495FBE7D73} = {0749F4EF-904F-4FA3-AD3F-399ED5D91F5A}
	EndGlobalSection
EndGlobal
